
Microsoft Visual Studio Solution File, Format Version 12.00
# Visual Studio Version 17
VisualStudioVersion = 17.9.34723.18
MinimumVisualStudioVersion = 10.0.40219.1
Project("{9A19103F-16F7-4668-BE54-9A1E7A4F7556}") = "HospitalManagerApp", "HospitalManagerApp\HospitalManagerApp.csproj", "{A1D81D50-DC49-4F00-A2F1-5AD8E0533C39}"
EndProject
Project("{9A19103F-16F7-4668-BE54-9A1E7A4F7556}") = "HospitalManagerModelLibrary", "HospitalManagerModelLibrary\HospitalManagerModelLibrary.csproj", "{EA677912-860C-46C6-B424-693320539784}"
EndProject
Project("{FAE04EC0-301F-11D3-BF4B-00C04F79EFBC}") = "HospitalManagerDALLibrary", "HospitalManagerDALLibrary\HospitalManagerDALLibrary.csproj", "{BDDBD120-C752-4288-B1A1-B1F9345ECB0C}"
EndProject
Project("{FAE04EC0-301F-11D3-BF4B-00C04F79EFBC}") = "HospitalManagerBLLibrary", "HospitalManagerBLLibrary\HospitalManagerBLLibrary.csproj", "{99C70346-2D6C-4D57-9566-4200FFAEFA62}"
EndProject
Project("{FAE04EC0-301F-11D3-BF4B-00C04F79EFBC}") = "HospitalManagerBLTesting", "HospitalManagerBLTesting\HospitalManagerBLTesting.csproj", "{A3B66A0F-C8B0-4007-8B5E-B822D62BD4DB}"
EndProject
Global
	GlobalSection(SolutionConfigurationPlatforms) = preSolution
		Debug|Any CPU = Debug|Any CPU
		Release|Any CPU = Release|Any CPU
	EndGlobalSection
	GlobalSection(ProjectConfigurationPlatforms) = postSolution
		{A1D81D50-DC49-4F00-A2F1-5AD8E0533C39}.Debug|Any CPU.ActiveCfg = Debug|Any CPU
		{A1D81D50-DC49-4F00-A2F1-5AD8E0533C39}.Debug|Any CPU.Build.0 = Debug|Any CPU
		{A1D81D50-DC49-4F00-A2F1-5AD8E0533C39}.Release|Any CPU.ActiveCfg = Release|Any CPU
		{A1D81D50-DC49-4F00-A2F1-5AD8E0533C39}.Release|Any CPU.Build.0 = Release|Any CPU
		{EA677912-860C-46C6-B424-693320539784}.Debug|Any CPU.ActiveCfg = Debug|Any CPU
		{EA677912-860C-46C6-B424-693320539784}.Debug|Any CPU.Build.0 = Debug|Any CPU
		{EA677912-860C-46C6-B424-693320539784}.Release|Any CPU.ActiveCfg = Release|Any CPU
		{EA677912-860C-46C6-B424-693320539784}.Release|Any CPU.Build.0 = Release|Any CPU
		{BDDBD120-C752-4288-B1A1-B1F9345ECB0C}.Debug|Any CPU.ActiveCfg = Debug|Any CPU
		{BDDBD120-C752-4288-B1A1-B1F9345ECB0C}.Debug|Any CPU.Build.0 = Debug|Any CPU
		{BDDBD120-C752-4288-B1A1-B1F9345ECB0C}.Release|Any CPU.ActiveCfg = Release|Any CPU
		{BDDBD120-C752-4288-B1A1-B1F9345ECB0C}.Release|Any CPU.Build.0 = Release|Any CPU
		{99C70346-2D6C-4D57-9566-4200FFAEFA62}.Debug|Any CPU.ActiveCfg = Debug|Any CPU
		{99C70346-2D6C-4D57-9566-4200FFAEFA62}.Debug|Any CPU.Build.0 = Debug|Any CPU
		{99C70346-2D6C-4D57-9566-4200FFAEFA62}.Release|Any CPU.ActiveCfg = Release|Any CPU
		{99C70346-2D6C-4D57-9566-4200FFAEFA62}.Release|Any CPU.Build.0 = Release|Any CPU
		{A3B66A0F-C8B0-4007-8B5E-B822D62BD4DB}.Debug|Any CPU.ActiveCfg = Debug|Any CPU
		{A3B66A0F-C8B0-4007-8B5E-B822D62BD4DB}.Debug|Any CPU.Build.0 = Debug|Any CPU
		{A3B66A0F-C8B0-4007-8B5E-B822D62BD4DB}.Release|Any CPU.ActiveCfg = Release|Any CPU
		{A3B66A0F-C8B0-4007-8B5E-B822D62BD4DB}.Release|Any CPU.Build.0 = Release|Any CPU
	EndGlobalSection
	GlobalSection(SolutionProperties) = preSolution
		HideSolutionNode = FALSE
	EndGlobalSection
	GlobalSection(ExtensibilityGlobals) = postSolution
		SolutionGuid = {9B70209A-AF4A-4F3C-8B22-EE1346E066EC}
	EndGlobalSection
EndGlobal
