
Microsoft Visual Studio Solution File, Format Version 12.00
# Visual Studio Version 17
VisualStudioVersion = 17.9.34728.123
MinimumVisualStudioVersion = 10.0.40219.1
Project("{FAE04EC0-301F-11D3-BF4B-00C04F79EFBC}") = "ProductApp", "ProductApp\ProductApp.csproj", "{2075B2A3-A956-4CD9-B335-B7E0B1F03825}"
EndProject
Global
	GlobalSection(SolutionConfigurationPlatforms) = preSolution
		Debug|Any CPU = Debug|Any CPU
		Release|Any CPU = Release|Any CPU
	EndGlobalSection
	GlobalSection(ProjectConfigurationPlatforms) = postSolution
		{2075B2A3-A956-4CD9-B335-B7E0B1F03825}.Debug|Any CPU.ActiveCfg = Debug|Any CPU
		{2075B2A3-A956-4CD9-B335-B7E0B1F03825}.Debug|Any CPU.Build.0 = Debug|Any CPU
		{2075B2A3-A956-4CD9-B335-B7E0B1F03825}.Release|Any CPU.ActiveCfg = Release|Any CPU
		{2075B2A3-A956-4CD9-B335-B7E0B1F03825}.Release|Any CPU.Build.0 = Release|Any CPU
	EndGlobalSection
	GlobalSection(SolutionProperties) = preSolution
		HideSolutionNode = FALSE
	EndGlobalSection
	GlobalSection(ExtensibilityGlobals) = postSolution
		SolutionGuid = {0074A0D2-600B-4CB0-A8C9-D57E54A0B789}
	EndGlobalSection
EndGlobal
