
Microsoft Visual Studio Solution File, Format Version 12.00
# Visual Studio Version 17
VisualStudioVersion = 17.9.34723.18
MinimumVisualStudioVersion = 10.0.40219.1
Project("{FAE04EC0-301F-11D3-BF4B-00C04F79EFBC}") = "Day5App", "Day5App\Day5App.csproj", "{5ACC2F76-8E57-466E-8830-2874BB03F061}"
EndProject
Project("{FAE04EC0-301F-11D3-BF4B-00C04F79EFBC}") = "RequestTrackerModelLibrary", "RequestTrackerModelLibrary\RequestTrackerModelLibrary.csproj", "{8563E06C-D678-4F5C-BB42-4E808B1E22D5}"
EndProject
Global
	GlobalSection(SolutionConfigurationPlatforms) = preSolution
		Debug|Any CPU = Debug|Any CPU
		Release|Any CPU = Release|Any CPU
	EndGlobalSection
	GlobalSection(ProjectConfigurationPlatforms) = postSolution
		{5ACC2F76-8E57-466E-8830-2874BB03F061}.Debug|Any CPU.ActiveCfg = Debug|Any CPU
		{5ACC2F76-8E57-466E-8830-2874BB03F061}.Debug|Any CPU.Build.0 = Debug|Any CPU
		{5ACC2F76-8E57-466E-8830-2874BB03F061}.Release|Any CPU.ActiveCfg = Release|Any CPU
		{5ACC2F76-8E57-466E-8830-2874BB03F061}.Release|Any CPU.Build.0 = Release|Any CPU
		{8563E06C-D678-4F5C-BB42-4E808B1E22D5}.Debug|Any CPU.ActiveCfg = Debug|Any CPU
		{8563E06C-D678-4F5C-BB42-4E808B1E22D5}.Debug|Any CPU.Build.0 = Debug|Any CPU
		{8563E06C-D678-4F5C-BB42-4E808B1E22D5}.Release|Any CPU.ActiveCfg = Release|Any CPU
		{8563E06C-D678-4F5C-BB42-4E808B1E22D5}.Release|Any CPU.Build.0 = Release|Any CPU
	EndGlobalSection
	GlobalSection(SolutionProperties) = preSolution
		HideSolutionNode = FALSE
	EndGlobalSection
	GlobalSection(ExtensibilityGlobals) = postSolution
		SolutionGuid = {2CDA688C-1804-415A-BC81-B5971C9DF106}
	EndGlobalSection
EndGlobal
