
Microsoft Visual Studio Solution File, Format Version 12.00
# Visual Studio Version 17
VisualStudioVersion = 17.9.34728.123
MinimumVisualStudioVersion = 10.0.40219.1
Project("{9A19103F-16F7-4668-BE54-9A1E7A4F7556}") = "EmployeeManagerApi", "EmployeeManagerApi\EmployeeManagerApi.csproj", "{5FEEBF8C-7A75-45E7-AFEB-BD8167C29CA3}"
EndProject
Project("{FAE04EC0-301F-11D3-BF4B-00C04F79EFBC}") = "EmployeeManagerTester", "EmployeeManagerTester\EmployeeManagerTester.csproj", "{94E7289F-725C-4F1B-BED8-88E133BABB62}"
EndProject
Global
	GlobalSection(SolutionConfigurationPlatforms) = preSolution
		Debug|Any CPU = Debug|Any CPU
		Release|Any CPU = Release|Any CPU
	EndGlobalSection
	GlobalSection(ProjectConfigurationPlatforms) = postSolution
		{5FEEBF8C-7A75-45E7-AFEB-BD8167C29CA3}.Debug|Any CPU.ActiveCfg = Debug|Any CPU
		{5FEEBF8C-7A75-45E7-AFEB-BD8167C29CA3}.Debug|Any CPU.Build.0 = Debug|Any CPU
		{5FEEBF8C-7A75-45E7-AFEB-BD8167C29CA3}.Release|Any CPU.ActiveCfg = Release|Any CPU
		{5FEEBF8C-7A75-45E7-AFEB-BD8167C29CA3}.Release|Any CPU.Build.0 = Release|Any CPU
		{94E7289F-725C-4F1B-BED8-88E133BABB62}.Debug|Any CPU.ActiveCfg = Debug|Any CPU
		{94E7289F-725C-4F1B-BED8-88E133BABB62}.Debug|Any CPU.Build.0 = Debug|Any CPU
		{94E7289F-725C-4F1B-BED8-88E133BABB62}.Release|Any CPU.ActiveCfg = Release|Any CPU
		{94E7289F-725C-4F1B-BED8-88E133BABB62}.Release|Any CPU.Build.0 = Release|Any CPU
	EndGlobalSection
	GlobalSection(SolutionProperties) = preSolution
		HideSolutionNode = FALSE
	EndGlobalSection
	GlobalSection(ExtensibilityGlobals) = postSolution
		SolutionGuid = {295DFCAD-F158-4D5B-9118-03D484E4E5B9}
	EndGlobalSection
EndGlobal
