
Microsoft Visual Studio Solution File, Format Version 12.00
# Visual Studio Version 17
VisualStudioVersion = 17.9.34728.123
MinimumVisualStudioVersion = 10.0.40219.1
Project("{FAE04EC0-301F-11D3-BF4B-00C04F79EFBC}") = "WebApplication1", "WebApplication1\WebApplication1.csproj", "{6C69FF1C-B06E-4A54-A90A-3B680D025CFD}"
EndProject
Global
	GlobalSection(SolutionConfigurationPlatforms) = preSolution
		Debug|Any CPU = Debug|Any CPU
		Release|Any CPU = Release|Any CPU
	EndGlobalSection
	GlobalSection(ProjectConfigurationPlatforms) = postSolution
		{6C69FF1C-B06E-4A54-A90A-3B680D025CFD}.Debug|Any CPU.ActiveCfg = Debug|Any CPU
		{6C69FF1C-B06E-4A54-A90A-3B680D025CFD}.Debug|Any CPU.Build.0 = Debug|Any CPU
		{6C69FF1C-B06E-4A54-A90A-3B680D025CFD}.Release|Any CPU.ActiveCfg = Release|Any CPU
		{6C69FF1C-B06E-4A54-A90A-3B680D025CFD}.Release|Any CPU.Build.0 = Release|Any CPU
	EndGlobalSection
	GlobalSection(SolutionProperties) = preSolution
		HideSolutionNode = FALSE
	EndGlobalSection
	GlobalSection(ExtensibilityGlobals) = postSolution
		SolutionGuid = {11E8FED4-1A2E-484F-A452-ED6004D94AC4}
	EndGlobalSection
EndGlobal
