
Microsoft Visual Studio Solution File, Format Version 12.00
# Visual Studio Version 17
VisualStudioVersion = 17.9.34723.18
MinimumVisualStudioVersion = 10.0.40219.1
Project("{FAE04EC0-301F-11D3-BF4B-00C04F79EFBC}") = "PizzaManagerApp", "PizzaManagerApp\PizzaManagerApp.csproj", "{F35C686D-8449-4F35-9EBD-C91FEAD8E099}"
EndProject
Global
	GlobalSection(SolutionConfigurationPlatforms) = preSolution
		Debug|Any CPU = Debug|Any CPU
		Release|Any CPU = Release|Any CPU
	EndGlobalSection
	GlobalSection(ProjectConfigurationPlatforms) = postSolution
		{F35C686D-8449-4F35-9EBD-C91FEAD8E099}.Debug|Any CPU.ActiveCfg = Debug|Any CPU
		{F35C686D-8449-4F35-9EBD-C91FEAD8E099}.Debug|Any CPU.Build.0 = Debug|Any CPU
		{F35C686D-8449-4F35-9EBD-C91FEAD8E099}.Release|Any CPU.ActiveCfg = Release|Any CPU
		{F35C686D-8449-4F35-9EBD-C91FEAD8E099}.Release|Any CPU.Build.0 = Release|Any CPU
	EndGlobalSection
	GlobalSection(SolutionProperties) = preSolution
		HideSolutionNode = FALSE
	EndGlobalSection
	GlobalSection(ExtensibilityGlobals) = postSolution
		SolutionGuid = {5E9320F9-50B7-46F3-BC28-C76FAE3B46CE}
	EndGlobalSection
EndGlobal
