
Microsoft Visual Studio Solution File, Format Version 12.00
# Visual Studio Version 17
VisualStudioVersion = 17.9.34728.123
MinimumVisualStudioVersion = 10.0.40219.1
Project("{FAE04EC0-301F-11D3-BF4B-00C04F79EFBC}") = "DoctorClinicManagerWebApi", "DoctorClinicManagerWebApi\DoctorClinicManagerWebApi.csproj", "{7A3082EE-88E8-41DD-8C36-75DB416CDFA4}"
EndProject
Global
	GlobalSection(SolutionConfigurationPlatforms) = preSolution
		Debug|Any CPU = Debug|Any CPU
		Release|Any CPU = Release|Any CPU
	EndGlobalSection
	GlobalSection(ProjectConfigurationPlatforms) = postSolution
		{7A3082EE-88E8-41DD-8C36-75DB416CDFA4}.Debug|Any CPU.ActiveCfg = Debug|Any CPU
		{7A3082EE-88E8-41DD-8C36-75DB416CDFA4}.Debug|Any CPU.Build.0 = Debug|Any CPU
		{7A3082EE-88E8-41DD-8C36-75DB416CDFA4}.Release|Any CPU.ActiveCfg = Release|Any CPU
		{7A3082EE-88E8-41DD-8C36-75DB416CDFA4}.Release|Any CPU.Build.0 = Release|Any CPU
	EndGlobalSection
	GlobalSection(SolutionProperties) = preSolution
		HideSolutionNode = FALSE
	EndGlobalSection
	GlobalSection(ExtensibilityGlobals) = postSolution
		SolutionGuid = {4E9E2753-616C-4799-B5D3-F417014DD7B5}
	EndGlobalSection
EndGlobal
