
Microsoft Visual Studio Solution File, Format Version 12.00
# Visual Studio Version 17
VisualStudioVersion = 17.9.34723.18
MinimumVisualStudioVersion = 10.0.40219.1
Project("{FAE04EC0-301F-11D3-BF4B-00C04F79EFBC}") = "CompanyTrackersln(Assignment)", "CompanyTrackersln(Assignment)\CompanyTrackersln(Assignment).csproj", "{46132CBC-18E9-4EC6-B359-16B0603CCFE4}"
EndProject
Project("{FAE04EC0-301F-11D3-BF4B-00C04F79EFBC}") = "GovernmentRulesModelLibrary", "GovernmentRulesModelLibrary\GovernmentRulesModelLibrary.csproj", "{A87D5B45-E482-47F4-A632-21BC60F39797}"
EndProject
Global
	GlobalSection(SolutionConfigurationPlatforms) = preSolution
		Debug|Any CPU = Debug|Any CPU
		Release|Any CPU = Release|Any CPU
	EndGlobalSection
	GlobalSection(ProjectConfigurationPlatforms) = postSolution
		{46132CBC-18E9-4EC6-B359-16B0603CCFE4}.Debug|Any CPU.ActiveCfg = Debug|Any CPU
		{46132CBC-18E9-4EC6-B359-16B0603CCFE4}.Debug|Any CPU.Build.0 = Debug|Any CPU
		{46132CBC-18E9-4EC6-B359-16B0603CCFE4}.Release|Any CPU.ActiveCfg = Release|Any CPU
		{46132CBC-18E9-4EC6-B359-16B0603CCFE4}.Release|Any CPU.Build.0 = Release|Any CPU
		{A87D5B45-E482-47F4-A632-21BC60F39797}.Debug|Any CPU.ActiveCfg = Debug|Any CPU
		{A87D5B45-E482-47F4-A632-21BC60F39797}.Debug|Any CPU.Build.0 = Debug|Any CPU
		{A87D5B45-E482-47F4-A632-21BC60F39797}.Release|Any CPU.ActiveCfg = Release|Any CPU
		{A87D5B45-E482-47F4-A632-21BC60F39797}.Release|Any CPU.Build.0 = Release|Any CPU
	EndGlobalSection
	GlobalSection(SolutionProperties) = preSolution
		HideSolutionNode = FALSE
	EndGlobalSection
	GlobalSection(ExtensibilityGlobals) = postSolution
		SolutionGuid = {F1706DDC-F5AE-4330-BE28-95AC1289146C}
	EndGlobalSection
EndGlobal
